<?xml version="1.0" encoding="utf-8"?>
<Project ToolsVersion="4.0" xmlns="http://schemas.microsoft.com/developer/msbuild/2003">
  <ItemGroup>
    <ClCompile Include="AbstractRenderer.cpp">
      <Filter>Graphics</Filter>
    </ClCompile>
    <ClCompile Include="Transform.cpp">
      <Filter>GameObjects\Components</Filter>
    </ClCompile>
    <ClCompile Include="Component.cpp">
      <Filter>GameObjects\Components</Filter>
    </ClCompile>
    <ClCompile Include="Camera.cpp">
      <Filter>GameObjects</Filter>
    </ClCompile>
    <ClCompile Include="Debug.cpp">
      <Filter>Utility</Filter>
    </ClCompile>
    <ClCompile Include="GameSceneManager.cpp">
      <Filter>Core</Filter>
    </ClCompile>
    <ClCompile Include="ModelManager.cpp">
      <Filter>Graphics</Filter>
    </ClCompile>
    <ClCompile Include="Scene.cpp">
      <Filter>Core</Filter>
    </ClCompile>
    <ClCompile Include="InputManager.cpp">
      <Filter>Core</Filter>
    </ClCompile>
    <ClCompile Include="Timer.cpp">
      <Filter>Core</Filter>
    </ClCompile>
    <ClCompile Include="SuGameObject.cpp">
      <Filter>GameObjects</Filter>
    </ClCompile>
    <ClCompile Include="Window.cpp">
      <Filter>Graphics</Filter>
    </ClCompile>
    <ClCompile Include="OpenGLRenderer.cpp">
      <Filter>Graphics\OpenGL</Filter>
    </ClCompile>
    <ClCompile Include="ShaderLoader.cpp">
      <Filter>Graphics</Filter>
    </ClCompile>
    <ClCompile Include="MeshRenderer.cpp" />
  </ItemGroup>
  <ItemGroup>
    <ClInclude Include="Component.h">
      <Filter>GameObjects\Components</Filter>
    </ClInclude>
    <ClInclude Include="Transform.h">
      <Filter>GameObjects\Components</Filter>
    </ClInclude>
    <ClInclude Include="AbstractRenderer.h">
      <Filter>Graphics</Filter>
    </ClInclude>
    <ClInclude Include="ModelManager.h">
      <Filter>Graphics</Filter>
    </ClInclude>
    <ClInclude Include="Timer.h">
      <Filter>Core</Filter>
    </ClInclude>
    <ClInclude Include="GameSceneManager.h">
      <Filter>Core</Filter>
    </ClInclude>
    <ClInclude Include="Camera.h">
      <Filter>GameObjects</Filter>
    </ClInclude>
    <ClInclude Include="SuGameObject.h">
      <Filter>GameObjects</Filter>
    </ClInclude>
    <ClInclude Include="InputManager.h">
      <Filter>Core</Filter>
    </ClInclude>
    <ClInclude Include="Scene.h">
      <Filter>Core</Filter>
    </ClInclude>
    <ClInclude Include="Window.h">
      <Filter>Graphics</Filter>
    </ClInclude>
    <ClInclude Include="Debug.h">
      <Filter>Utility</Filter>
    </ClInclude>
    <ClInclude Include="Macros.h">
      <Filter>Utility</Filter>
    </ClInclude>
    <ClInclude Include="OpenGLRenderer.h">
      <Filter>Graphics\OpenGL</Filter>
    </ClInclude>
    <ClInclude Include="ShaderLoader.h">
      <Filter>Graphics</Filter>
    </ClInclude>
    <ClInclude Include="MeshRenderer.h" />
  </ItemGroup>
  <ItemGroup>
    <Text Include="EngineReadMe.txt" />
  </ItemGroup>
  <ItemGroup>
    <Filter Include="Core">
      <UniqueIdentifier>{77ccccff-dffb-4ea6-936d-97a910335df7}</UniqueIdentifier>
    </Filter>
    <Filter Include="GameObjects">
      <UniqueIdentifier>{9deecfb4-1de9-4880-9fe9-4e568ef57ec6}</UniqueIdentifier>
    </Filter>
    <Filter Include="GameObjects\Components">
      <UniqueIdentifier>{626ccd79-5047-4267-aebe-ee8a1e51e9dd}</UniqueIdentifier>
    </Filter>
    <Filter Include="Graphics">
      <UniqueIdentifier>{93b35c8f-e259-456d-8c55-c4a95b55c6b3}</UniqueIdentifier>
    </Filter>
    <Filter Include="Utility">
      <UniqueIdentifier>{b14615b3-9d30-4475-b124-42422596dd23}</UniqueIdentifier>
    </Filter>
    <Filter Include="Graphics\OpenGL">
      <UniqueIdentifier>{b3c86400-0aaf-4e74-9ef6-d2b360cda394}</UniqueIdentifier>
    </Filter>
    <Filter Include="TestFilter">
      <UniqueIdentifier>{643528fd-5bef-43c9-9a82-12d646bd7cea}</UniqueIdentifier>
    </Filter>
  </ItemGroup>
</Project>